// !$*UTF8*$!
{
	archiveVersion = 1;
	classes = {
	};
	objectVersion = 56;
	objects = {

/* Begin PBXBuildFile section */
		550193402A8229F100B6EA56 /* AppDelegate.swift in Sources */ = {isa = PBXBuildFile; fileRef = 5501933F2A8229F100B6EA56 /* AppDelegate.swift */; };
		550193422A8229F100B6EA56 /* SceneDelegate.swift in Sources */ = {isa = PBXBuildFile; fileRef = 550193412A8229F100B6EA56 /* SceneDelegate.swift */; };
		550193442A8229F100B6EA56 /* ViewController.swift in Sources */ = {isa = PBXBuildFile; fileRef = 550193432A8229F100B6EA56 /* ViewController.swift */; };
		550193472A8229F100B6EA56 /* Main.storyboard in Resources */ = {isa = PBXBuildFile; fileRef = 550193452A8229F100B6EA56 /* Main.storyboard */; };
		550193492A8229F300B6EA56 /* Assets.xcassets in Resources */ = {isa = PBXBuildFile; fileRef = 550193482A8229F300B6EA56 /* Assets.xcassets */; };
		5501934C2A8229F300B6EA56 /* LaunchScreen.storyboard in Resources */ = {isa = PBXBuildFile; fileRef = 5501934A2A8229F300B6EA56 /* LaunchScreen.storyboard */; };
		550193542A822A1400B6EA56 /* .gitignore in Resources */ = {isa = PBXBuildFile; fileRef = 550193532A822A1400B6EA56 /* .gitignore */; };
		550193562A822A2F00B6EA56 /* APIKEY.swift in Sources */ = {isa = PBXBuildFile; fileRef = 550193552A822A2F00B6EA56 /* APIKEY.swift */; };
		5501935D2A822ACA00B6EA56 /* Alamofire in Frameworks */ = {isa = PBXBuildFile; productRef = 5501935C2A822ACA00B6EA56 /* Alamofire */; };
		550193602A822ADE00B6EA56 /* SwiftyJSON in Frameworks */ = {isa = PBXBuildFile; productRef = 5501935F2A822ADE00B6EA56 /* SwiftyJSON */; };
/* End PBXBuildFile section */

/* Begin PBXFileReference section */
		5501933C2A8229F100B6EA56 /* Implementing with API.app */ = {isa = PBXFileReference; explicitFileType = wrapper.application; includeInIndex = 0; path = "Implementing with API.app"; sourceTree = BUILT_PRODUCTS_DIR; };
		5501933F2A8229F100B6EA56 /* AppDelegate.swift */ = {isa = PBXFileReference; lastKnownFileType = sourcecode.swift; path = AppDelegate.swift; sourceTree = "<group>"; };
		550193412A8229F100B6EA56 /* SceneDelegate.swift */ = {isa = PBXFileReference; lastKnownFileType = sourcecode.swift; path = SceneDelegate.swift; sourceTree = "<group>"; };
		550193432A8229F100B6EA56 /* ViewController.swift */ = {isa = PBXFileReference; lastKnownFileType = sourcecode.swift; path = ViewController.swift; sourceTree = "<group>"; };
		550193462A8229F100B6EA56 /* Base */ = {isa = PBXFileReference; lastKnownFileType = file.storyboard; name = Base; path = Base.lproj/Main.storyboard; sourceTree = "<group>"; };
		550193482A8229F300B6EA56 /* Assets.xcassets */ = {isa = PBXFileReference; lastKnownFileType = folder.assetcatalog; path = Assets.xcassets; sourceTree = "<group>"; };
		5501934B2A8229F300B6EA56 /* Base */ = {isa = PBXFileReference; lastKnownFileType = file.storyboard; name = Base; path = Base.lproj/LaunchScreen.storyboard; sourceTree = "<group>"; };
		5501934D2A8229F300B6EA56 /* Info.plist */ = {isa = PBXFileReference; lastKnownFileType = text.plist.xml; path = Info.plist; sourceTree = "<group>"; };
		550193532A822A1400B6EA56 /* .gitignore */ = {isa = PBXFileReference; lastKnownFileType = text; path = .gitignore; sourceTree = "<group>"; };
		550193552A822A2F00B6EA56 /* APIKEY.swift */ = {isa = PBXFileReference; lastKnownFileType = sourcecode.swift; path = APIKEY.swift; sourceTree = "<group>"; };
/* End PBXFileReference section */

/* Begin PBXFrameworksBuildPhase section */
		550193392A8229F100B6EA56 /* Frameworks */ = {
			isa = PBXFrameworksBuildPhase;
			buildActionMask = 2147483647;
			files = (
				550193602A822ADE00B6EA56 /* SwiftyJSON in Frameworks */,
				5501935D2A822ACA00B6EA56 /* Alamofire in Frameworks */,
			);
			runOnlyForDeploymentPostprocessing = 0;
		};
/* End PBXFrameworksBuildPhase section */

/* Begin PBXGroup section */
		550193332A8229F100B6EA56 = {
			isa = PBXGroup;
			children = (
				5501933E2A8229F100B6EA56 /* Implementing with API */,
				5501933D2A8229F100B6EA56 /* Products */,
			);
			sourceTree = "<group>";
		};
		5501933D2A8229F100B6EA56 /* Products */ = {
			isa = PBXGroup;
			children = (
				5501933C2A8229F100B6EA56 /* Implementing with API.app */,
			);
			name = Products;
			sourceTree = "<group>";
		};
		5501933E2A8229F100B6EA56 /* Implementing with API */ = {
			isa = PBXGroup;
			children = (
				550193482A8229F300B6EA56 /* Assets.xcassets */,
				5501934D2A8229F300B6EA56 /* Info.plist */,
				550193592A822A7200B6EA56 /* APIKEY */,
				550193572A822A5600B6EA56 /* App */,
				550193582A822A6000B6EA56 /* View */,
				5501935A2A822A9700B6EA56 /* ViewController */,
			);
			path = "Implementing with API";
			sourceTree = "<group>";
		};
		550193572A822A5600B6EA56 /* App */ = {
			isa = PBXGroup;
			children = (
				5501933F2A8229F100B6EA56 /* AppDelegate.swift */,
				550193412A8229F100B6EA56 /* SceneDelegate.swift */,
			);
			path = App;
			sourceTree = "<group>";
		};
		550193582A822A6000B6EA56 /* View */ = {
			isa = PBXGroup;
			children = (
				550193452A8229F100B6EA56 /* Main.storyboard */,
				5501934A2A8229F300B6EA56 /* LaunchScreen.storyboard */,
			);
			path = View;
			sourceTree = "<group>";
		};
		550193592A822A7200B6EA56 /* APIKEY */ = {
			isa = PBXGroup;
			children = (
				550193532A822A1400B6EA56 /* .gitignore */,
				550193552A822A2F00B6EA56 /* APIKEY.swift */,
			);
			path = APIKEY;
			sourceTree = "<group>";
		};
		5501935A2A822A9700B6EA56 /* ViewController */ = {
			isa = PBXGroup;
			children = (
				550193432A8229F100B6EA56 /* ViewController.swift */,
			);
			path = ViewController;
			sourceTree = "<group>";
		};
/* End PBXGroup section */

/* Begin PBXNativeTarget section */
		5501933B2A8229F100B6EA56 /* Implementing with API */ = {
			isa = PBXNativeTarget;
			buildConfigurationList = 550193502A8229F300B6EA56 /* Build configuration list for PBXNativeTarget "Implementing with API" */;
			buildPhases = (
				550193382A8229F100B6EA56 /* Sources */,
				550193392A8229F100B6EA56 /* Frameworks */,
				5501933A2A8229F100B6EA56 /* Resources */,
			);
			buildRules = (
			);
			dependencies = (
			);
			name = "Implementing with API";
			packageProductDependencies = (
				5501935C2A822ACA00B6EA56 /* Alamofire */,
				5501935F2A822ADE00B6EA56 /* SwiftyJSON */,
			);
			productName = "Implementing with API";
			productReference = 5501933C2A8229F100B6EA56 /* Implementing with API.app */;
			productType = "com.apple.product-type.application";
		};
/* End PBXNativeTarget section */

/* Begin PBXProject section */
		550193342A8229F100B6EA56 /* Project object */ = {
			isa = PBXProject;
			attributes = {
				BuildIndependentTargetsInParallel = 1;
				LastSwiftUpdateCheck = 1430;
				LastUpgradeCheck = 1430;
				TargetAttributes = {
					5501933B2A8229F100B6EA56 = {
						CreatedOnToolsVersion = 14.3.1;
					};
				};
			};
			buildConfigurationList = 550193372A8229F100B6EA56 /* Build configuration list for PBXProject "Implementing with API" */;
			compatibilityVersion = "Xcode 14.0";
			developmentRegion = en;
			hasScannedForEncodings = 0;
			knownRegions = (
				en,
				Base,
			);
			mainGroup = 550193332A8229F100B6EA56;
			packageReferences = (
				5501935B2A822ACA00B6EA56 /* XCRemoteSwiftPackageReference "Alamofire" */,
				5501935E2A822ADE00B6EA56 /* XCRemoteSwiftPackageReference "SwiftyJSON" */,
			);
			productRefGroup = 5501933D2A8229F100B6EA56 /* Products */;
			projectDirPath = "";
			projectRoot = "";
			targets = (
				5501933B2A8229F100B6EA56 /* Implementing with API */,
			);
		};
/* End PBXProject section */

/* Begin PBXResourcesBuildPhase section */
		5501933A2A8229F100B6EA56 /* Resources */ = {
			isa = PBXResourcesBuildPhase;
			buildActionMask = 2147483647;
			files = (
				550193542A822A1400B6EA56 /* .gitignore in Resources */,
				5501934C2A8229F300B6EA56 /* LaunchScreen.storyboard in Resources */,
				550193492A8229F300B6EA56 /* Assets.xcassets in Resources */,
				550193472A8229F100B6EA56 /* Main.storyboard in Resources */,
			);
			runOnlyForDeploymentPostprocessing = 0;
		};
/* End PBXResourcesBuildPhase section */

/* Begin PBXSourcesBuildPhase section */
		550193382A8229F100B6EA56 /* Sources */ = {
			isa = PBXSourcesBuildPhase;
			buildActionMask = 2147483647;
			files = (
				550193442A8229F100B6EA56 /* ViewController.swift in Sources */,
				550193402A8229F100B6EA56 /* AppDelegate.swift in Sources */,
				550193562A822A2F00B6EA56 /* APIKEY.swift in Sources */,
				550193422A8229F100B6EA56 /* SceneDelegate.swift in Sources */,
			);
			runOnlyForDeploymentPostprocessing = 0;
		};
/* End PBXSourcesBuildPhase section */

/* Begin PBXVariantGroup section */
		550193452A8229F100B6EA56 /* Main.storyboard */ = {
			isa = PBXVariantGroup;
			children = (
				550193462A8229F100B6EA56 /* Base */,
			);
			name = Main.storyboard;
			sourceTree = "<group>";
		};
		5501934A2A8229F300B6EA56 /* LaunchScreen.storyboard */ = {
			isa = PBXVariantGroup;
			children = (
				5501934B2A8229F300B6EA56 /* Base */,
			);
			name = LaunchScreen.storyboard;
			sourceTree = "<group>";
		};
/* End PBXVariantGroup section */

/* Begin XCBuildConfiguration section */
		5501934E2A8229F300B6EA56 /* Debug */ = {
			isa = XCBuildConfiguration;
			buildSettings = {
				ALWAYS_SEARCH_USER_PATHS = NO;
				CLANG_ANALYZER_NONNULL = YES;
				CLANG_ANALYZER_NUMBER_OBJECT_CONVERSION = YES_AGGRESSIVE;
				CLANG_CXX_LANGUAGE_STANDARD = "gnu++20";
				CLANG_ENABLE_MODULES = YES;
				CLANG_ENABLE_OBJC_ARC = YES;
				CLANG_ENABLE_OBJC_WEAK = YES;
				CLANG_WARN_BLOCK_CAPTURE_AUTORELEASING = YES;
				CLANG_WARN_BOOL_CONVERSION = YES;
				CLANG_WARN_COMMA = YES;
				CLANG_WARN_CONSTANT_CONVERSION = YES;
				CLANG_WARN_DEPRECATED_OBJC_IMPLEMENTATIONS = YES;
				CLANG_WARN_DIRECT_OBJC_ISA_USAGE = YES_ERROR;
				CLANG_WARN_DOCUMENTATION_COMMENTS = YES;
				CLANG_WARN_EMPTY_BODY = YES;
				CLANG_WARN_ENUM_CONVERSION = YES;
				CLANG_WARN_INFINITE_RECURSION = YES;
				CLANG_WARN_INT_CONVERSION = YES;
				CLANG_WARN_NON_LITERAL_NULL_CONVERSION = YES;
				CLANG_WARN_OBJC_IMPLICIT_RETAIN_SELF = YES;
				CLANG_WARN_OBJC_LITERAL_CONVERSION = YES;
				CLANG_WARN_OBJC_ROOT_CLASS = YES_ERROR;
				CLANG_WARN_QUOTED_INCLUDE_IN_FRAMEWORK_HEADER = YES;
				CLANG_WARN_RANGE_LOOP_ANALYSIS = YES;
				CLANG_WARN_STRICT_PROTOTYPES = YES;
				CLANG_WARN_SUSPICIOUS_MOVE = YES;
				CLANG_WARN_UNGUARDED_AVAILABILITY = YES_AGGRESSIVE;
				CLANG_WARN_UNREACHABLE_CODE = YES;
				CLANG_WARN__DUPLICATE_METHOD_MATCH = YES;
				COPY_PHASE_STRIP = NO;
				DEBUG_INFORMATION_FORMAT = dwarf;
				ENABLE_STRICT_OBJC_MSGSEND = YES;
				ENABLE_TESTABILITY = YES;
				GCC_C_LANGUAGE_STANDARD = gnu11;
				GCC_DYNAMIC_NO_PIC = NO;
				GCC_NO_COMMON_BLOCKS = YES;
				GCC_OPTIMIZATION_LEVEL = 0;
				GCC_PREPROCESSOR_DEFINITIONS = (
					"DEBUG=1",
					"$(inherited)",
				);
				GCC_WARN_64_TO_32_BIT_CONVERSION = YES;
				GCC_WARN_ABOUT_RETURN_TYPE = YES_ERROR;
				GCC_WARN_UNDECLARED_SELECTOR = YES;
				GCC_WARN_UNINITIALIZED_AUTOS = YES_AGGRESSIVE;
				GCC_WARN_UNUSED_FUNCTION = YES;
				GCC_WARN_UNUSED_VARIABLE = YES;
				IPHONEOS_DEPLOYMENT_TARGET = 16.4;
				MTL_ENABLE_DEBUG_INFO = INCLUDE_SOURCE;
				MTL_FAST_MATH = YES;
				ONLY_ACTIVE_ARCH = YES;
				SDKROOT = iphoneos;
				SWIFT_ACTIVE_COMPILATION_CONDITIONS = DEBUG;
				SWIFT_OPTIMIZATION_LEVEL = "-Onone";
			};
			name = Debug;
		};
		5501934F2A8229F300B6EA56 /* Release */ = {
			isa = XCBuildConfiguration;
			buildSettings = {
				ALWAYS_SEARCH_USER_PATHS = NO;
				CLANG_ANALYZER_NONNULL = YES;
				CLANG_ANALYZER_NUMBER_OBJECT_CONVERSION = YES_AGGRESSIVE;
				CLANG_CXX_LANGUAGE_STANDARD = "gnu++20";
				CLANG_ENABLE_MODULES = YES;
				CLANG_ENABLE_OBJC_ARC = YES;
				CLANG_ENABLE_OBJC_WEAK = YES;
				CLANG_WARN_BLOCK_CAPTURE_AUTORELEASING = YES;
				CLANG_WARN_BOOL_CONVERSION = YES;
				CLANG_WARN_COMMA = YES;
				CLANG_WARN_CONSTANT_CONVERSION = YES;
				CLANG_WARN_DEPRECATED_OBJC_IMPLEMENTATIONS = YES;
				CLANG_WARN_DIRECT_OBJC_ISA_USAGE = YES_ERROR;
				CLANG_WARN_DOCUMENTATION_COMMENTS = YES;
				CLANG_WARN_EMPTY_BODY = YES;
				CLANG_WARN_ENUM_CONVERSION = YES;
				CLANG_WARN_INFINITE_RECURSION = YES;
				CLANG_WARN_INT_CONVERSION = YES;
				CLANG_WARN_NON_LITERAL_NULL_CONVERSION = YES;
				CLANG_WARN_OBJC_IMPLICIT_RETAIN_SELF = YES;
				CLANG_WARN_OBJC_LITERAL_CONVERSION = YES;
				CLANG_WARN_OBJC_ROOT_CLASS = YES_ERROR;
				CLANG_WARN_QUOTED_INCLUDE_IN_FRAMEWORK_HEADER = YES;
				CLANG_WARN_RANGE_LOOP_ANALYSIS = YES;
				CLANG_WARN_STRICT_PROTOTYPES = YES;
				CLANG_WARN_SUSPICIOUS_MOVE = YES;
				CLANG_WARN_UNGUARDED_AVAILABILITY = YES_AGGRESSIVE;
				CLANG_WARN_UNREACHABLE_CODE = YES;
				CLANG_WARN__DUPLICATE_METHOD_MATCH = YES;
				COPY_PHASE_STRIP = NO;
				DEBUG_INFORMATION_FORMAT = "dwarf-with-dsym";
				ENABLE_NS_ASSERTIONS = NO;
				ENABLE_STRICT_OBJC_MSGSEND = YES;
				GCC_C_LANGUAGE_STANDARD = gnu11;
				GCC_NO_COMMON_BLOCKS = YES;
				GCC_WARN_64_TO_32_BIT_CONVERSION = YES;
				GCC_WARN_ABOUT_RETURN_TYPE = YES_ERROR;
				GCC_WARN_UNDECLARED_SELECTOR = YES;
				GCC_WARN_UNINITIALIZED_AUTOS = YES_AGGRESSIVE;
				GCC_WARN_UNUSED_FUNCTION = YES;
				GCC_WARN_UNUSED_VARIABLE = YES;
				IPHONEOS_DEPLOYMENT_TARGET = 16.4;
				MTL_ENABLE_DEBUG_INFO = NO;
				MTL_FAST_MATH = YES;
				SDKROOT = iphoneos;
				SWIFT_COMPILATION_MODE = wholemodule;
				SWIFT_OPTIMIZATION_LEVEL = "-O";
				VALIDATE_PRODUCT = YES;
			};
			name = Release;
		};
		550193512A8229F300B6EA56 /* Debug */ = {
			isa = XCBuildConfiguration;
			buildSettings = {
				ASSETCATALOG_COMPILER_APPICON_NAME = AppIcon;
				ASSETCATALOG_COMPILER_GLOBAL_ACCENT_COLOR_NAME = AccentColor;
				CODE_SIGN_STYLE = Automatic;
				CURRENT_PROJECT_VERSION = 1;
				DEVELOPMENT_TEAM = VJ2VF4KUF7;
				GENERATE_INFOPLIST_FILE = YES;
				INFOPLIST_FILE = "Implementing with API/Info.plist";
				INFOPLIST_KEY_UIApplicationSupportsIndirectInputEvents = YES;
				INFOPLIST_KEY_UILaunchStoryboardName = LaunchScreen;
				INFOPLIST_KEY_UIMainStoryboardFile = Main;
				INFOPLIST_KEY_UISupportedInterfaceOrientations_iPad = "UIInterfaceOrientationPortrait UIInterfaceOrientationPortraitUpsideDown UIInterfaceOrientationLandscapeLeft UIInterfaceOrientationLandscapeRight";
				INFOPLIST_KEY_UISupportedInterfaceOrientations_iPhone = "UIInterfaceOrientationPortrait UIInterfaceOrientationLandscapeLeft UIInterfaceOrientationLandscapeRight";
				LD_RUNPATH_SEARCH_PATHS = (
					"$(inherited)",
					"@executable_path/Frameworks",
				);
				MARKETING_VERSION = 1.0;
				PRODUCT_BUNDLE_IDENTIFIER = "com.Jimmy.Implementing-with-API";
				PRODUCT_NAME = "$(TARGET_NAME)";
				SWIFT_EMIT_LOC_STRINGS = YES;
				SWIFT_VERSION = 5.0;
				TARGETED_DEVICE_FAMILY = "1,2";
			};
			name = Debug;
		};
		550193522A8229F300B6EA56 /* Release */ = {
			isa = XCBuildConfiguration;
			buildSettings = {
				ASSETCATALOG_COMPILER_APPICON_NAME = AppIcon;
				ASSETCATALOG_COMPILER_GLOBAL_ACCENT_COLOR_NAME = AccentColor;
				CODE_SIGN_STYLE = Automatic;
				CURRENT_PROJECT_VERSION = 1;
				DEVELOPMENT_TEAM = VJ2VF4KUF7;
				GENERATE_INFOPLIST_FILE = YES;
				INFOPLIST_FILE = "Implementing with API/Info.plist";
				INFOPLIST_KEY_UIApplicationSupportsIndirectInputEvents = YES;
				INFOPLIST_KEY_UILaunchStoryboardName = LaunchScreen;
				INFOPLIST_KEY_UIMainStoryboardFile = Main;
				INFOPLIST_KEY_UISupportedInterfaceOrientations_iPad = "UIInterfaceOrientationPortrait UIInterfaceOrientationPortraitUpsideDown UIInterfaceOrientationLandscapeLeft UIInterfaceOrientationLandscapeRight";
				INFOPLIST_KEY_UISupportedInterfaceOrientations_iPhone = "UIInterfaceOrientationPortrait UIInterfaceOrientationLandscapeLeft UIInterfaceOrientationLandscapeRight";
				LD_RUNPATH_SEARCH_PATHS = (
					"$(inherited)",
					"@executable_path/Frameworks",
				);
				MARKETING_VERSION = 1.0;
				PRODUCT_BUNDLE_IDENTIFIER = "com.Jimmy.Implementing-with-API";
				PRODUCT_NAME = "$(TARGET_NAME)";
				SWIFT_EMIT_LOC_STRINGS = YES;
				SWIFT_VERSION = 5.0;
				TARGETED_DEVICE_FAMILY = "1,2";
			};
			name = Release;
		};
/* End XCBuildConfiguration section */

/* Begin XCConfigurationList section */
		550193372A8229F100B6EA56 /* Build configuration list for PBXProject "Implementing with API" */ = {
			isa = XCConfigurationList;
			buildConfigurations = (
				5501934E2A8229F300B6EA56 /* Debug */,
				5501934F2A8229F300B6EA56 /* Release */,
			);
			defaultConfigurationIsVisible = 0;
			defaultConfigurationName = Release;
		};
		550193502A8229F300B6EA56 /* Build configuration list for PBXNativeTarget "Implementing with API" */ = {
			isa = XCConfigurationList;
			buildConfigurations = (
				550193512A8229F300B6EA56 /* Debug */,
				550193522A8229F300B6EA56 /* Release */,
			);
			defaultConfigurationIsVisible = 0;
			defaultConfigurationName = Release;
		};
/* End XCConfigurationList section */

/* Begin XCRemoteSwiftPackageReference section */
		5501935B2A822ACA00B6EA56 /* XCRemoteSwiftPackageReference "Alamofire" */ = {
			isa = XCRemoteSwiftPackageReference;
			repositoryURL = "https://github.com/Alamofire/Alamofire.git";
			requirement = {
				kind = upToNextMajorVersion;
				minimumVersion = 5.0.0;
			};
		};
		5501935E2A822ADE00B6EA56 /* XCRemoteSwiftPackageReference "SwiftyJSON" */ = {
			isa = XCRemoteSwiftPackageReference;
			repositoryURL = "https://github.com/SwiftyJSON/SwiftyJSON.git";
			requirement = {
				kind = upToNextMajorVersion;
				minimumVersion = 5.0.0;
			};
		};
/* End XCRemoteSwiftPackageReference section */

/* Begin XCSwiftPackageProductDependency section */
		5501935C2A822ACA00B6EA56 /* Alamofire */ = {
			isa = XCSwiftPackageProductDependency;
			package = 5501935B2A822ACA00B6EA56 /* XCRemoteSwiftPackageReference "Alamofire" */;
			productName = Alamofire;
		};
		5501935F2A822ADE00B6EA56 /* SwiftyJSON */ = {
			isa = XCSwiftPackageProductDependency;
			package = 5501935E2A822ADE00B6EA56 /* XCRemoteSwiftPackageReference "SwiftyJSON" */;
			productName = SwiftyJSON;
		};
/* End XCSwiftPackageProductDependency section */
	};
	rootObject = 550193342A8229F100B6EA56 /* Project object */;
}
